// !$*UTF8*$!
{
	archiveVersion = 1;
	classes = {
	};
	objectVersion = 46;
	objects = {

/* Begin PBXBuildFile section */
		9B1095A31F6B79D100194927 /* Credentials.swift in Sources */ = {isa = PBXBuildFile; fileRef = 9B1095951F6B79D100194927 /* Credentials.swift */; };
		9B1095A41F6B79D100194927 /* ImageProvider.swift in Sources */ = {isa = PBXBuildFile; fileRef = 9B1095961F6B79D100194927 /* ImageProvider.swift */; };
		9B1095A51F6B79D100194927 /* ImageTweet.swift in Sources */ = {isa = PBXBuildFile; fileRef = 9B1095971F6B79D100194927 /* ImageTweet.swift */; };
		9B1095A61F6B79D100194927 /* Router.swift in Sources */ = {isa = PBXBuildFile; fileRef = 9B1095981F6B79D100194927 /* Router.swift */; };
		9B1095A71F6B79D100194927 /* State.swift in Sources */ = {isa = PBXBuildFile; fileRef = 9B1095991F6B79D100194927 /* State.swift */; };
		9B1095A81F6B79D100194927 /* UIAlertController+Helpers.swift in Sources */ = {isa = PBXBuildFile; fileRef = 9B10959A1F6B79D100194927 /* UIAlertController+Helpers.swift */; };
		9B1095A91F6B79D100194927 /* WebService.swift in Sources */ = {isa = PBXBuildFile; fileRef = 9B10959B1F6B79D100194927 /* WebService.swift */; };
		9B1095AA1F6B79D100194927 /* ImageDetailViewController.swift in Sources */ = {isa = PBXBuildFile; fileRef = 9B10959D1F6B79D100194927 /* ImageDetailViewController.swift */; };
		9B1095AB1F6B79D100194927 /* ImageDetailViewModel.swift in Sources */ = {isa = PBXBuildFile; fileRef = 9B10959E1F6B79D100194927 /* ImageDetailViewModel.swift */; };
		9B1095AC1F6B79D100194927 /* ImageCell.swift in Sources */ = {isa = PBXBuildFile; fileRef = 9B1095A01F6B79D100194927 /* ImageCell.swift */; };
		9B1095AD1F6B79D100194927 /* ImageListViewController.swift in Sources */ = {isa = PBXBuildFile; fileRef = 9B1095A11F6B79D100194927 /* ImageListViewController.swift */; };
		9B1095AE1F6B79D100194927 /* ImageListViewModel.swift in Sources */ = {isa = PBXBuildFile; fileRef = 9B1095A21F6B79D100194927 /* ImageListViewModel.swift */; };
		9B1095B01F6B7A2200194927 /* TwitterInfo.plist in Resources */ = {isa = PBXBuildFile; fileRef = 9B1095AF1F6B7A2200194927 /* TwitterInfo.plist */; };
		9B2D720A1F6FDE6800F8F4DB /* ImageDetailInteractor.swift in Sources */ = {isa = PBXBuildFile; fileRef = 9B2D72091F6FDE6800F8F4DB /* ImageDetailInteractor.swift */; };
		9B4BE8081F668B4C005F66FF /* AppDelegate.swift in Sources */ = {isa = PBXBuildFile; fileRef = 9B4BE8071F668B4C005F66FF /* AppDelegate.swift */; };
		9B4BE80D1F668B4C005F66FF /* Main.storyboard in Resources */ = {isa = PBXBuildFile; fileRef = 9B4BE80B1F668B4C005F66FF /* Main.storyboard */; };
		9B4BE80F1F668B4C005F66FF /* Assets.xcassets in Resources */ = {isa = PBXBuildFile; fileRef = 9B4BE80E1F668B4C005F66FF /* Assets.xcassets */; };
		9B4BE8121F668B4C005F66FF /* LaunchScreen.storyboard in Resources */ = {isa = PBXBuildFile; fileRef = 9B4BE8101F668B4C005F66FF /* LaunchScreen.storyboard */; };
		9B5402661F6E1A1100ADA179 /* ImageListInteractor.swift in Sources */ = {isa = PBXBuildFile; fileRef = 9B5402651F6E1A1100ADA179 /* ImageListInteractor.swift */; };
		9B54026C1F6E20C900ADA179 /* MockWebService.swift in Sources */ = {isa = PBXBuildFile; fileRef = 9B54026B1F6E20C900ADA179 /* MockWebService.swift */; };
		9B90BC671F7E295D007789B6 /* ImageListPresenterSpec.swift in Sources */ = {isa = PBXBuildFile; fileRef = 9B90BC661F7E295D007789B6 /* ImageListPresenterSpec.swift */; };
		9B90BC691F7E30F8007789B6 /* ImageDetailInteractorSpec.swift in Sources */ = {isa = PBXBuildFile; fileRef = 9B90BC681F7E30F8007789B6 /* ImageDetailInteractorSpec.swift */; };
		9B9FACAD1F7B7C2200E3A4F8 /* ImageListPresenter.swift in Sources */ = {isa = PBXBuildFile; fileRef = 9B9FACAC1F7B7C2200E3A4F8 /* ImageListPresenter.swift */; };
		9B9FACAF1F7B7D7E00E3A4F8 /* ImageListInteractorIO.swift in Sources */ = {isa = PBXBuildFile; fileRef = 9B9FACAE1F7B7D7E00E3A4F8 /* ImageListInteractorIO.swift */; };
		9BE945EC1F6E5B840076736A /* Nimble.framework in Frameworks */ = {isa = PBXBuildFile; fileRef = 9BE945EA1F6E5B840076736A /* Nimble.framework */; };
		9BE945ED1F6E5B840076736A /* Quick.framework in Frameworks */ = {isa = PBXBuildFile; fileRef = 9BE945EB1F6E5B840076736A /* Quick.framework */; };
		9BE945F31F6E5BDD0076736A /* Nimble.framework in CopyFiles */ = {isa = PBXBuildFile; fileRef = 9BE945EA1F6E5B840076736A /* Nimble.framework */; settings = {ATTRIBUTES = (CodeSignOnCopy, RemoveHeadersOnCopy, ); }; };
		9BE945F41F6E5BDD0076736A /* Quick.framework in CopyFiles */ = {isa = PBXBuildFile; fileRef = 9BE945EB1F6E5B840076736A /* Quick.framework */; settings = {ATTRIBUTES = (CodeSignOnCopy, RemoveHeadersOnCopy, ); }; };
		9BE945F61F6E5C760076736A /* ImageListInteractorSpec.swift in Sources */ = {isa = PBXBuildFile; fileRef = 9BE945F51F6E5C760076736A /* ImageListInteractorSpec.swift */; };
		9BF5BD301F72717E000E384F /* MockImageProvider.swift in Sources */ = {isa = PBXBuildFile; fileRef = 9BF5BD2F1F72717E000E384F /* MockImageProvider.swift */; };
/* End PBXBuildFile section */

/* Begin PBXContainerItemProxy section */
		9B4BE8191F668B4C005F66FF /* PBXContainerItemProxy */ = {
			isa = PBXContainerItemProxy;
			containerPortal = 9B4BE7FC1F668B4C005F66FF /* Project object */;
			proxyType = 1;
			remoteGlobalIDString = 9B4BE8031F668B4C005F66FF;
			remoteInfo = TryVIPER;
		};
/* End PBXContainerItemProxy section */

/* Begin PBXCopyFilesBuildPhase section */
		9BE945EE1F6E5B920076736A /* CopyFiles */ = {
			isa = PBXCopyFilesBuildPhase;
			buildActionMask = 2147483647;
			dstPath = "";
			dstSubfolderSpec = 10;
			files = (
				9BE945F31F6E5BDD0076736A /* Nimble.framework in CopyFiles */,
				9BE945F41F6E5BDD0076736A /* Quick.framework in CopyFiles */,
			);
			runOnlyForDeploymentPostprocessing = 0;
		};
/* End PBXCopyFilesBuildPhase section */

/* Begin PBXFileReference section */
		9B1095951F6B79D100194927 /* Credentials.swift */ = {isa = PBXFileReference; fileEncoding = 4; lastKnownFileType = sourcecode.swift; path = Credentials.swift; sourceTree = "<group>"; };
		9B1095961F6B79D100194927 /* ImageProvider.swift */ = {isa = PBXFileReference; fileEncoding = 4; lastKnownFileType = sourcecode.swift; path = ImageProvider.swift; sourceTree = "<group>"; };
		9B1095971F6B79D100194927 /* ImageTweet.swift */ = {isa = PBXFileReference; fileEncoding = 4; lastKnownFileType = sourcecode.swift; path = ImageTweet.swift; sourceTree = "<group>"; };
		9B1095981F6B79D100194927 /* Router.swift */ = {isa = PBXFileReference; fileEncoding = 4; lastKnownFileType = sourcecode.swift; path = Router.swift; sourceTree = "<group>"; };
		9B1095991F6B79D100194927 /* State.swift */ = {isa = PBXFileReference; fileEncoding = 4; lastKnownFileType = sourcecode.swift; path = State.swift; sourceTree = "<group>"; };
		9B10959A1F6B79D100194927 /* UIAlertController+Helpers.swift */ = {isa = PBXFileReference; fileEncoding = 4; lastKnownFileType = sourcecode.swift; path = "UIAlertController+Helpers.swift"; sourceTree = "<group>"; };
		9B10959B1F6B79D100194927 /* WebService.swift */ = {isa = PBXFileReference; fileEncoding = 4; lastKnownFileType = sourcecode.swift; path = WebService.swift; sourceTree = "<group>"; };
		9B10959D1F6B79D100194927 /* ImageDetailViewController.swift */ = {isa = PBXFileReference; fileEncoding = 4; lastKnownFileType = sourcecode.swift; path = ImageDetailViewController.swift; sourceTree = "<group>"; };
		9B10959E1F6B79D100194927 /* ImageDetailViewModel.swift */ = {isa = PBXFileReference; fileEncoding = 4; lastKnownFileType = sourcecode.swift; path = ImageDetailViewModel.swift; sourceTree = "<group>"; };
		9B1095A01F6B79D100194927 /* ImageCell.swift */ = {isa = PBXFileReference; fileEncoding = 4; lastKnownFileType = sourcecode.swift; path = ImageCell.swift; sourceTree = "<group>"; };
		9B1095A11F6B79D100194927 /* ImageListViewController.swift */ = {isa = PBXFileReference; fileEncoding = 4; lastKnownFileType = sourcecode.swift; path = ImageListViewController.swift; sourceTree = "<group>"; };
		9B1095A21F6B79D100194927 /* ImageListViewModel.swift */ = {isa = PBXFileReference; fileEncoding = 4; lastKnownFileType = sourcecode.swift; path = ImageListViewModel.swift; sourceTree = "<group>"; };
		9B1095AF1F6B7A2200194927 /* TwitterInfo.plist */ = {isa = PBXFileReference; fileEncoding = 4; lastKnownFileType = text.plist.xml; path = TwitterInfo.plist; sourceTree = "<group>"; };
		9B2D72091F6FDE6800F8F4DB /* ImageDetailInteractor.swift */ = {isa = PBXFileReference; fileEncoding = 4; lastKnownFileType = sourcecode.swift; name = ImageDetailInteractor.swift; path = Modules/ImageDetail/ImageDetailInteractor.swift; sourceTree = "<group>"; };
		9B4BE8041F668B4C005F66FF /* TryVIPER.app */ = {isa = PBXFileReference; explicitFileType = wrapper.application; includeInIndex = 0; path = TryVIPER.app; sourceTree = BUILT_PRODUCTS_DIR; };
		9B4BE8071F668B4C005F66FF /* AppDelegate.swift */ = {isa = PBXFileReference; lastKnownFileType = sourcecode.swift; path = AppDelegate.swift; sourceTree = "<group>"; };
		9B4BE80C1F668B4C005F66FF /* Base */ = {isa = PBXFileReference; lastKnownFileType = file.storyboard; name = Base; path = Base.lproj/Main.storyboard; sourceTree = "<group>"; };
		9B4BE80E1F668B4C005F66FF /* Assets.xcassets */ = {isa = PBXFileReference; lastKnownFileType = folder.assetcatalog; path = Assets.xcassets; sourceTree = "<group>"; };
		9B4BE8111F668B4C005F66FF /* Base */ = {isa = PBXFileReference; lastKnownFileType = file.storyboard; name = Base; path = Base.lproj/LaunchScreen.storyboard; sourceTree = "<group>"; };
		9B4BE8131F668B4C005F66FF /* Info.plist */ = {isa = PBXFileReference; lastKnownFileType = text.plist.xml; path = Info.plist; sourceTree = "<group>"; };
		9B4BE8181F668B4C005F66FF /* TryVIPERTests.xctest */ = {isa = PBXFileReference; explicitFileType = wrapper.cfbundle; includeInIndex = 0; path = TryVIPERTests.xctest; sourceTree = BUILT_PRODUCTS_DIR; };
		9B4BE81E1F668B4C005F66FF /* Info.plist */ = {isa = PBXFileReference; lastKnownFileType = text.plist.xml; path = Info.plist; sourceTree = "<group>"; };
		9B5402651F6E1A1100ADA179 /* ImageListInteractor.swift */ = {isa = PBXFileReference; fileEncoding = 4; lastKnownFileType = sourcecode.swift; name = ImageListInteractor.swift; path = Modules/ImageList/ImageListInteractor.swift; sourceTree = "<group>"; };
		9B54026B1F6E20C900ADA179 /* MockWebService.swift */ = {isa = PBXFileReference; fileEncoding = 4; lastKnownFileType = sourcecode.swift; path = MockWebService.swift; sourceTree = "<group>"; };
		9B90BC661F7E295D007789B6 /* ImageListPresenterSpec.swift */ = {isa = PBXFileReference; fileEncoding = 4; lastKnownFileType = sourcecode.swift; path = ImageListPresenterSpec.swift; sourceTree = "<group>"; };
		9B90BC681F7E30F8007789B6 /* ImageDetailInteractorSpec.swift */ = {isa = PBXFileReference; fileEncoding = 4; lastKnownFileType = sourcecode.swift; path = ImageDetailInteractorSpec.swift; sourceTree = "<group>"; };
		9B9FACAC1F7B7C2200E3A4F8 /* ImageListPresenter.swift */ = {isa = PBXFileReference; fileEncoding = 4; lastKnownFileType = sourcecode.swift; name = ImageListPresenter.swift; path = Modules/ImageList/ImageListPresenter.swift; sourceTree = "<group>"; };
		9B9FACAE1F7B7D7E00E3A4F8 /* ImageListInteractorIO.swift */ = {isa = PBXFileReference; fileEncoding = 4; lastKnownFileType = sourcecode.swift; name = ImageListInteractorIO.swift; path = Modules/ImageList/ImageListInteractorIO.swift; sourceTree = "<group>"; };
		9BE945EA1F6E5B840076736A /* Nimble.framework */ = {isa = PBXFileReference; lastKnownFileType = wrapper.framework; name = Nimble.framework; path = Carthage/Build/iOS/Nimble.framework; sourceTree = "<group>"; };
		9BE945EB1F6E5B840076736A /* Quick.framework */ = {isa = PBXFileReference; lastKnownFileType = wrapper.framework; name = Quick.framework; path = Carthage/Build/iOS/Quick.framework; sourceTree = "<group>"; };
		9BE945F51F6E5C760076736A /* ImageListInteractorSpec.swift */ = {isa = PBXFileReference; fileEncoding = 4; lastKnownFileType = sourcecode.swift; path = ImageListInteractorSpec.swift; sourceTree = "<group>"; };
		9BF5BD2F1F72717E000E384F /* MockImageProvider.swift */ = {isa = PBXFileReference; fileEncoding = 4; lastKnownFileType = sourcecode.swift; path = MockImageProvider.swift; sourceTree = "<group>"; };
/* End PBXFileReference section */

/* Begin PBXFrameworksBuildPhase section */
		9B4BE8011F668B4C005F66FF /* Frameworks */ = {
			isa = PBXFrameworksBuildPhase;
			buildActionMask = 2147483647;
			files = (
			);
			runOnlyForDeploymentPostprocessing = 0;
		};
		9B4BE8151F668B4C005F66FF /* Frameworks */ = {
			isa = PBXFrameworksBuildPhase;
			buildActionMask = 2147483647;
			files = (
				9BE945EC1F6E5B840076736A /* Nimble.framework in Frameworks */,
				9BE945ED1F6E5B840076736A /* Quick.framework in Frameworks */,
			);
			runOnlyForDeploymentPostprocessing = 0;
		};
/* End PBXFrameworksBuildPhase section */

/* Begin PBXGroup section */
		9B1095941F6B79D100194927 /* Common */ = {
			isa = PBXGroup;
			children = (
				9B1095951F6B79D100194927 /* Credentials.swift */,
				9B1095961F6B79D100194927 /* ImageProvider.swift */,
				9B1095971F6B79D100194927 /* ImageTweet.swift */,
				9B1095981F6B79D100194927 /* Router.swift */,
				9B1095991F6B79D100194927 /* State.swift */,
				9B10959A1F6B79D100194927 /* UIAlertController+Helpers.swift */,
				9B10959B1F6B79D100194927 /* WebService.swift */,
			);
			path = Common;
			sourceTree = "<group>";
		};
		9B10959C1F6B79D100194927 /* ImageDetail */ = {
			isa = PBXGroup;
			children = (
				9B10959D1F6B79D100194927 /* ImageDetailViewController.swift */,
				9B10959E1F6B79D100194927 /* ImageDetailViewModel.swift */,
			);
			path = ImageDetail;
			sourceTree = "<group>";
		};
		9B10959F1F6B79D100194927 /* ImageList */ = {
			isa = PBXGroup;
			children = (
				9B1095A01F6B79D100194927 /* ImageCell.swift */,
				9B1095A11F6B79D100194927 /* ImageListViewController.swift */,
				9B1095A21F6B79D100194927 /* ImageListViewModel.swift */,
			);
			path = ImageList;
			sourceTree = "<group>";
		};
		9B2D720B1F6FDE6D00F8F4DB /* ImageDetail */ = {
			isa = PBXGroup;
			children = (
				9B2D72091F6FDE6800F8F4DB /* ImageDetailInteractor.swift */,
			);
			name = ImageDetail;
			sourceTree = "<group>";
		};
		9B4BE7FB1F668B4C005F66FF = {
			isa = PBXGroup;
			children = (
				9B4BE8061F668B4C005F66FF /* TryVIPER */,
				9B4BE81B1F668B4C005F66FF /* TryVIPERTests */,
				9B4BE8051F668B4C005F66FF /* Products */,
				9BE945E91F6E5B840076736A /* Frameworks */,
			);
			sourceTree = "<group>";
		};
		9B4BE8051F668B4C005F66FF /* Products */ = {
			isa = PBXGroup;
			children = (
				9B4BE8041F668B4C005F66FF /* TryVIPER.app */,
				9B4BE8181F668B4C005F66FF /* TryVIPERTests.xctest */,
			);
			name = Products;
			sourceTree = "<group>";
		};
		9B4BE8061F668B4C005F66FF /* TryVIPER */ = {
			isa = PBXGroup;
			children = (
				9B1095941F6B79D100194927 /* Common */,
				9B10959C1F6B79D100194927 /* ImageDetail */,
				9B10959F1F6B79D100194927 /* ImageList */,
				9B5402671F6E1A1700ADA179 /* Modules */,
				9B4BE8071F668B4C005F66FF /* AppDelegate.swift */,
				9B4BE80B1F668B4C005F66FF /* Main.storyboard */,
				9B4BE80E1F668B4C005F66FF /* Assets.xcassets */,
				9B4BE8101F668B4C005F66FF /* LaunchScreen.storyboard */,
				9B4BE8131F668B4C005F66FF /* Info.plist */,
				9B1095AF1F6B7A2200194927 /* TwitterInfo.plist */,
			);
			path = TryVIPER;
			sourceTree = "<group>";
		};
		9B4BE81B1F668B4C005F66FF /* TryVIPERTests */ = {
			isa = PBXGroup;
			children = (
				9B4BE81E1F668B4C005F66FF /* Info.plist */,
				9B90BC681F7E30F8007789B6 /* ImageDetailInteractorSpec.swift */,
				9BE945F51F6E5C760076736A /* ImageListInteractorSpec.swift */,
				9B90BC661F7E295D007789B6 /* ImageListPresenterSpec.swift */,
				9BF5BD2F1F72717E000E384F /* MockImageProvider.swift */,
				9B54026B1F6E20C900ADA179 /* MockWebService.swift */,
			);
			path = TryVIPERTests;
			sourceTree = "<group>";
		};
		9B5402671F6E1A1700ADA179 /* Modules */ = {
			isa = PBXGroup;
			children = (
				9B2D720B1F6FDE6D00F8F4DB /* ImageDetail */,
				9B5402681F6E1A2B00ADA179 /* ImageList */,
			);
			name = Modules;
			sourceTree = "<group>";
		};
		9B5402681F6E1A2B00ADA179 /* ImageList */ = {
			isa = PBXGroup;
			children = (
				9B9FACAE1F7B7D7E00E3A4F8 /* ImageListInteractorIO.swift */,
				9B5402651F6E1A1100ADA179 /* ImageListInteractor.swift */,
				9B9FACAC1F7B7C2200E3A4F8 /* ImageListPresenter.swift */,
			);
			name = ImageList;
			sourceTree = "<group>";
		};
		9BE945E91F6E5B840076736A /* Frameworks */ = {
			isa = PBXGroup;
			children = (
				9BE945EA1F6E5B840076736A /* Nimble.framework */,
				9BE945EB1F6E5B840076736A /* Quick.framework */,
			);
			name = Frameworks;
			sourceTree = "<group>";
		};
/* End PBXGroup section */

/* Begin PBXNativeTarget section */
		9B4BE8031F668B4C005F66FF /* TryVIPER */ = {
			isa = PBXNativeTarget;
			buildConfigurationList = 9B4BE8211F668B4C005F66FF /* Build configuration list for PBXNativeTarget "TryVIPER" */;
			buildPhases = (
				9B4BE8001F668B4C005F66FF /* Sources */,
				9B4BE8011F668B4C005F66FF /* Frameworks */,
				9B4BE8021F668B4C005F66FF /* Resources */,
			);
			buildRules = (
			);
			dependencies = (
			);
			name = TryVIPER;
			productName = TryVIPER;
			productReference = 9B4BE8041F668B4C005F66FF /* TryVIPER.app */;
			productType = "com.apple.product-type.application";
		};
		9B4BE8171F668B4C005F66FF /* TryVIPERTests */ = {
			isa = PBXNativeTarget;
			buildConfigurationList = 9B4BE8241F668B4C005F66FF /* Build configuration list for PBXNativeTarget "TryVIPERTests" */;
			buildPhases = (
				9B4BE8141F668B4C005F66FF /* Sources */,
				9B4BE8151F668B4C005F66FF /* Frameworks */,
				9B4BE8161F668B4C005F66FF /* Resources */,
				9BE945EE1F6E5B920076736A /* CopyFiles */,
			);
			buildRules = (
			);
			dependencies = (
				9B4BE81A1F668B4C005F66FF /* PBXTargetDependency */,
			);
			name = TryVIPERTests;
			productName = TryVIPERTests;
			productReference = 9B4BE8181F668B4C005F66FF /* TryVIPERTests.xctest */;
			productType = "com.apple.product-type.bundle.unit-test";
		};
/* End PBXNativeTarget section */

/* Begin PBXProject section */
		9B4BE7FC1F668B4C005F66FF /* Project object */ = {
			isa = PBXProject;
			attributes = {
				LastSwiftUpdateCheck = 0830;
				LastUpgradeCheck = 0830;
				ORGANIZATIONNAME = "ShengHua Wu";
				TargetAttributes = {
					9B4BE8031F668B4C005F66FF = {
						CreatedOnToolsVersion = 8.3.3;
						ProvisioningStyle = Automatic;
					};
					9B4BE8171F668B4C005F66FF = {
						CreatedOnToolsVersion = 8.3.3;
						LastSwiftMigration = 0830;
						ProvisioningStyle = Automatic;
						TestTargetID = 9B4BE8031F668B4C005F66FF;
					};
				};
			};
			buildConfigurationList = 9B4BE7FF1F668B4C005F66FF /* Build configuration list for PBXProject "TryVIPER" */;
			compatibilityVersion = "Xcode 3.2";
			developmentRegion = English;
			hasScannedForEncodings = 0;
			knownRegions = (
				en,
				Base,
			);
			mainGroup = 9B4BE7FB1F668B4C005F66FF;
			productRefGroup = 9B4BE8051F668B4C005F66FF /* Products */;
			projectDirPath = "";
			projectRoot = "";
			targets = (
				9B4BE8031F668B4C005F66FF /* TryVIPER */,
				9B4BE8171F668B4C005F66FF /* TryVIPERTests */,
			);
		};
/* End PBXProject section */

/* Begin PBXResourcesBuildPhase section */
		9B4BE8021F668B4C005F66FF /* Resources */ = {
			isa = PBXResourcesBuildPhase;
			buildActionMask = 2147483647;
			files = (
				9B4BE8121F668B4C005F66FF /* LaunchScreen.storyboard in Resources */,
				9B4BE80F1F668B4C005F66FF /* Assets.xcassets in Resources */,
				9B1095B01F6B7A2200194927 /* TwitterInfo.plist in Resources */,
				9B4BE80D1F668B4C005F66FF /* Main.storyboard in Resources */,
			);
			runOnlyForDeploymentPostprocessing = 0;
		};
		9B4BE8161F668B4C005F66FF /* Resources */ = {
			isa = PBXResourcesBuildPhase;
			buildActionMask = 2147483647;
			files = (
			);
			runOnlyForDeploymentPostprocessing = 0;
		};
/* End PBXResourcesBuildPhase section */

/* Begin PBXSourcesBuildPhase section */
		9B4BE8001F668B4C005F66FF /* Sources */ = {
			isa = PBXSourcesBuildPhase;
			buildActionMask = 2147483647;
			files = (
				9B1095A31F6B79D100194927 /* Credentials.swift in Sources */,
				9B1095AE1F6B79D100194927 /* ImageListViewModel.swift in Sources */,
				9B4BE8081F668B4C005F66FF /* AppDelegate.swift in Sources */,
				9B2D720A1F6FDE6800F8F4DB /* ImageDetailInteractor.swift in Sources */,
				9B1095AC1F6B79D100194927 /* ImageCell.swift in Sources */,
				9B1095A91F6B79D100194927 /* WebService.swift in Sources */,
				9B1095A61F6B79D100194927 /* Router.swift in Sources */,
				9B1095A41F6B79D100194927 /* ImageProvider.swift in Sources */,
				9B1095AD1F6B79D100194927 /* ImageListViewController.swift in Sources */,
				9B1095AB1F6B79D100194927 /* ImageDetailViewModel.swift in Sources */,
				9B9FACAF1F7B7D7E00E3A4F8 /* ImageListInteractorIO.swift in Sources */,
				9B9FACAD1F7B7C2200E3A4F8 /* ImageListPresenter.swift in Sources */,
				9B1095A81F6B79D100194927 /* UIAlertController+Helpers.swift in Sources */,
				9B1095A51F6B79D100194927 /* ImageTweet.swift in Sources */,
				9B1095AA1F6B79D100194927 /* ImageDetailViewController.swift in Sources */,
				9B5402661F6E1A1100ADA179 /* ImageListInteractor.swift in Sources */,
				9B1095A71F6B79D100194927 /* State.swift in Sources */,
			);
			runOnlyForDeploymentPostprocessing = 0;
		};
		9B4BE8141F668B4C005F66FF /* Sources */ = {
			isa = PBXSourcesBuildPhase;
			buildActionMask = 2147483647;
			files = (
				9B90BC671F7E295D007789B6 /* ImageListPresenterSpec.swift in Sources */,
				9BE945F61F6E5C760076736A /* ImageListInteractorSpec.swift in Sources */,
				9B54026C1F6E20C900ADA179 /* MockWebService.swift in Sources */,
				9BF5BD301F72717E000E384F /* MockImageProvider.swift in Sources */,
				9B90BC691F7E30F8007789B6 /* ImageDetailInteractorSpec.swift in Sources */,
			);
			runOnlyForDeploymentPostprocessing = 0;
		};
/* End PBXSourcesBuildPhase section */

/* Begin PBXTargetDependency section */
		9B4BE81A1F668B4C005F66FF /* PBXTargetDependency */ = {
			isa = PBXTargetDependency;
			target = 9B4BE8031F668B4C005F66FF /* TryVIPER */;
			targetProxy = 9B4BE8191F668B4C005F66FF /* PBXContainerItemProxy */;
		};
/* End PBXTargetDependency section */

/* Begin PBXVariantGroup section */
		9B4BE80B1F668B4C005F66FF /* Main.storyboard */ = {
			isa = PBXVariantGroup;
			children = (
				9B4BE80C1F668B4C005F66FF /* Base */,
			);
			name = Main.storyboard;
			sourceTree = "<group>";
		};
		9B4BE8101F668B4C005F66FF /* LaunchScreen.storyboard */ = {
			isa = PBXVariantGroup;
			children = (
				9B4BE8111F668B4C005F66FF /* Base */,
			);
			name = LaunchScreen.storyboard;
			sourceTree = "<group>";
		};
/* End PBXVariantGroup section */

/* Begin XCBuildConfiguration section */
		9B4BE81F1F668B4C005F66FF /* Debug */ = {
			isa = XCBuildConfiguration;
			buildSettings = {
				ALWAYS_SEARCH_USER_PATHS = NO;
				CLANG_ANALYZER_NONNULL = YES;
				CLANG_ANALYZER_NUMBER_OBJECT_CONVERSION = YES_AGGRESSIVE;
				CLANG_CXX_LANGUAGE_STANDARD = "gnu++0x";
				CLANG_CXX_LIBRARY = "libc++";
				CLANG_ENABLE_MODULES = YES;
				CLANG_ENABLE_OBJC_ARC = YES;
				CLANG_WARN_BOOL_CONVERSION = YES;
				CLANG_WARN_CONSTANT_CONVERSION = YES;
				CLANG_WARN_DIRECT_OBJC_ISA_USAGE = YES_ERROR;
				CLANG_WARN_DOCUMENTATION_COMMENTS = YES;
				CLANG_WARN_EMPTY_BODY = YES;
				CLANG_WARN_ENUM_CONVERSION = YES;
				CLANG_WARN_INFINITE_RECURSION = YES;
				CLANG_WARN_INT_CONVERSION = YES;
				CLANG_WARN_OBJC_ROOT_CLASS = YES_ERROR;
				CLANG_WARN_SUSPICIOUS_MOVE = YES;
				CLANG_WARN_UNREACHABLE_CODE = YES;
				CLANG_WARN__DUPLICATE_METHOD_MATCH = YES;
				"CODE_SIGN_IDENTITY[sdk=iphoneos*]" = "iPhone Developer";
				COPY_PHASE_STRIP = NO;
				DEBUG_INFORMATION_FORMAT = dwarf;
				ENABLE_STRICT_OBJC_MSGSEND = YES;
				ENABLE_TESTABILITY = YES;
				GCC_C_LANGUAGE_STANDARD = gnu99;
				GCC_DYNAMIC_NO_PIC = NO;
				GCC_NO_COMMON_BLOCKS = YES;
				GCC_OPTIMIZATION_LEVEL = 0;
				GCC_PREPROCESSOR_DEFINITIONS = (
					"DEBUG=1",
					"$(inherited)",
				);
				GCC_WARN_64_TO_32_BIT_CONVERSION = YES;
				GCC_WARN_ABOUT_RETURN_TYPE = YES_ERROR;
				GCC_WARN_UNDECLARED_SELECTOR = YES;
				GCC_WARN_UNINITIALIZED_AUTOS = YES_AGGRESSIVE;
				GCC_WARN_UNUSED_FUNCTION = YES;
				GCC_WARN_UNUSED_VARIABLE = YES;
				IPHONEOS_DEPLOYMENT_TARGET = 10.3;
				MTL_ENABLE_DEBUG_INFO = YES;
				ONLY_ACTIVE_ARCH = YES;
				SDKROOT = iphoneos;
				SWIFT_ACTIVE_COMPILATION_CONDITIONS = DEBUG;
				SWIFT_OPTIMIZATION_LEVEL = "-Onone";
			};
			name = Debug;
		};
		9B4BE8201F668B4C005F66FF /* Release */ = {
			isa = XCBuildConfiguration;
			buildSettings = {
				ALWAYS_SEARCH_USER_PATHS = NO;
				CLANG_ANALYZER_NONNULL = YES;
				CLANG_ANALYZER_NUMBER_OBJECT_CONVERSION = YES_AGGRESSIVE;
				CLANG_CXX_LANGUAGE_STANDARD = "gnu++0x";
				CLANG_CXX_LIBRARY = "libc++";
				CLANG_ENABLE_MODULES = YES;
				CLANG_ENABLE_OBJC_ARC = YES;
				CLANG_WARN_BOOL_CONVERSION = YES;
				CLANG_WARN_CONSTANT_CONVERSION = YES;
				CLANG_WARN_DIRECT_OBJC_ISA_USAGE = YES_ERROR;
				CLANG_WARN_DOCUMENTATION_COMMENTS = YES;
				CLANG_WARN_EMPTY_BODY = YES;
				CLANG_WARN_ENUM_CONVERSION = YES;
				CLANG_WARN_INFINITE_RECURSION = YES;
				CLANG_WARN_INT_CONVERSION = YES;
				CLANG_WARN_OBJC_ROOT_CLASS = YES_ERROR;
				CLANG_WARN_SUSPICIOUS_MOVE = YES;
				CLANG_WARN_UNREACHABLE_CODE = YES;
				CLANG_WARN__DUPLICATE_METHOD_MATCH = YES;
				"CODE_SIGN_IDENTITY[sdk=iphoneos*]" = "iPhone Developer";
				COPY_PHASE_STRIP = NO;
				DEBUG_INFORMATION_FORMAT = "dwarf-with-dsym";
				ENABLE_NS_ASSERTIONS = NO;
				ENABLE_STRICT_OBJC_MSGSEND = YES;
				GCC_C_LANGUAGE_STANDARD = gnu99;
				GCC_NO_COMMON_BLOCKS = YES;
				GCC_WARN_64_TO_32_BIT_CONVERSION = YES;
				GCC_WARN_ABOUT_RETURN_TYPE = YES_ERROR;
				GCC_WARN_UNDECLARED_SELECTOR = YES;
				GCC_WARN_UNINITIALIZED_AUTOS = YES_AGGRESSIVE;
				GCC_WARN_UNUSED_FUNCTION = YES;
				GCC_WARN_UNUSED_VARIABLE = YES;
				IPHONEOS_DEPLOYMENT_TARGET = 10.3;
				MTL_ENABLE_DEBUG_INFO = NO;
				SDKROOT = iphoneos;
				SWIFT_OPTIMIZATION_LEVEL = "-Owholemodule";
				VALIDATE_PRODUCT = YES;
			};
			name = Release;
		};
		9B4BE8221F668B4C005F66FF /* Debug */ = {
			isa = XCBuildConfiguration;
			buildSettings = {
				ASSETCATALOG_COMPILER_APPICON_NAME = AppIcon;
				INFOPLIST_FILE = TryVIPER/Info.plist;
				LD_RUNPATH_SEARCH_PATHS = "$(inherited) @executable_path/Frameworks";
				PRODUCT_BUNDLE_IDENTIFIER = com.shenghuawu.TryVIPER;
				PRODUCT_NAME = "$(TARGET_NAME)";
				SWIFT_VERSION = 3.0;
			};
			name = Debug;
		};
		9B4BE8231F668B4C005F66FF /* Release */ = {
			isa = XCBuildConfiguration;
			buildSettings = {
				ASSETCATALOG_COMPILER_APPICON_NAME = AppIcon;
				INFOPLIST_FILE = TryVIPER/Info.plist;
				LD_RUNPATH_SEARCH_PATHS = "$(inherited) @executable_path/Frameworks";
				PRODUCT_BUNDLE_IDENTIFIER = com.shenghuawu.TryVIPER;
				PRODUCT_NAME = "$(TARGET_NAME)";
				SWIFT_VERSION = 3.0;
			};
			name = Release;
		};
		9B4BE8251F668B4C005F66FF /* Debug */ = {
			isa = XCBuildConfiguration;
			buildSettings = {
				ALWAYS_EMBED_SWIFT_STANDARD_LIBRARIES = YES;
				BUNDLE_LOADER = "$(TEST_HOST)";
				CLANG_ENABLE_MODULES = YES;
				FRAMEWORK_SEARCH_PATHS = (
					"$(inherited)",
					"$(PROJECT_DIR)/Carthage/Build/iOS",
				);
				INFOPLIST_FILE = TryVIPERTests/Info.plist;
				LD_RUNPATH_SEARCH_PATHS = "$(inherited) @executable_path/Frameworks @loader_path/Frameworks";
				PRODUCT_BUNDLE_IDENTIFIER = com.shenghuawu.TryVIPERTests;
				PRODUCT_NAME = "$(TARGET_NAME)";
				SWIFT_OPTIMIZATION_LEVEL = "-Onone";
				SWIFT_VERSION = 3.0;
				TEST_HOST = "$(BUILT_PRODUCTS_DIR)/TryVIPER.app/TryVIPER";
			};
			name = Debug;
		};
		9B4BE8261F668B4C005F66FF /* Release */ = {
			isa = XCBuildConfiguration;
			buildSettings = {
				ALWAYS_EMBED_SWIFT_STANDARD_LIBRARIES = YES;
				BUNDLE_LOADER = "$(TEST_HOST)";
				CLANG_ENABLE_MODULES = YES;
				FRAMEWORK_SEARCH_PATHS = (
					"$(inherited)",
					"$(PROJECT_DIR)/Carthage/Build/iOS",
				);
				INFOPLIST_FILE = TryVIPERTests/Info.plist;
				LD_RUNPATH_SEARCH_PATHS = "$(inherited) @executable_path/Frameworks @loader_path/Frameworks";
				PRODUCT_BUNDLE_IDENTIFIER = com.shenghuawu.TryVIPERTests;
				PRODUCT_NAME = "$(TARGET_NAME)";
				SWIFT_VERSION = 3.0;
				TEST_HOST = "$(BUILT_PRODUCTS_DIR)/TryVIPER.app/TryVIPER";
			};
			name = Release;
		};
/* End XCBuildConfiguration section */

/* Begin XCConfigurationList section */
		9B4BE7FF1F668B4C005F66FF /* Build configuration list for PBXProject "TryVIPER" */ = {
			isa = XCConfigurationList;
			buildConfigurations = (
				9B4BE81F1F668B4C005F66FF /* Debug */,
				9B4BE8201F668B4C005F66FF /* Release */,
			);
			defaultConfigurationIsVisible = 0;
			defaultConfigurationName = Release;
		};
		9B4BE8211F668B4C005F66FF /* Build configuration list for PBXNativeTarget "TryVIPER" */ = {
			isa = XCConfigurationList;
			buildConfigurations = (
				9B4BE8221F668B4C005F66FF /* Debug */,
				9B4BE8231F668B4C005F66FF /* Release */,
			);
			defaultConfigurationIsVisible = 0;
			defaultConfigurationName = Release;
		};
		9B4BE8241F668B4C005F66FF /* Build configuration list for PBXNativeTarget "TryVIPERTests" */ = {
			isa = XCConfigurationList;
			buildConfigurations = (
				9B4BE8251F668B4C005F66FF /* Debug */,
				9B4BE8261F668B4C005F66FF /* Release */,
			);
			defaultConfigurationIsVisible = 0;
			defaultConfigurationName = Release;
		};
/* End XCConfigurationList section */
	};
	rootObject = 9B4BE7FC1F668B4C005F66FF /* Project object */;
}
